# THIS IS AN AUTOGENERATED FILE. DO NOT EDIT THIS FILE DIRECTLY.
# yarn lockfile v1


"anymatch@~3.1.2":
  "integrity" "sha1-wFV8CWrzLxBhmPT04qODU343hxY="
  "resolved" "http://registry.m.jd.com/anymatch/download/anymatch-3.1.2.tgz"
  "version" "3.1.2"
  dependencies:
    "normalize-path" "^3.0.0"
    "picomatch" "^2.0.4"

"atob@^2.1.2":
  "integrity" "sha1-bZUX654DDSQ2ZmZR6GvZ9vE1M8k="
  "resolved" "http://registry.m.jd.com/atob/download/atob-2.1.2.tgz"
  "version" "2.1.2"

"balanced-match@^1.0.0":
  "integrity" "sha1-6D46fj8wCzTLnYf2FfoMvzV2kO4="
  "resolved" "http://registry.m.jd.com/balanced-match/download/balanced-match-1.0.2.tgz"
  "version" "1.0.2"

"binary-extensions@^2.0.0":
  "integrity" "sha1-dfUC7q+f/eQvyYgpZFvk6na9ni0="
  "resolved" "http://registry.m.jd.com/binary-extensions/download/binary-extensions-2.2.0.tgz"
  "version" "2.2.0"

"brace-expansion@^1.1.7":
  "integrity" "sha1-PH/L9SnYcibz0vUrlm/1Jx60Qd0="
  "resolved" "http://registry.m.jd.com/brace-expansion/download/brace-expansion-1.1.11.tgz"
  "version" "1.1.11"
  dependencies:
    "balanced-match" "^1.0.0"
    "concat-map" "0.0.1"

"braces@~3.0.2":
  "integrity" "sha1-NFThpGLujVmeI23zNs2epPiv4Qc="
  "resolved" "http://registry.m.jd.com/braces/download/braces-3.0.2.tgz"
  "version" "3.0.2"
  dependencies:
    "fill-range" "^7.0.1"

"chokidar@>=3.0.0 <4.0.0":
  "integrity" "sha1-HPN8hwe5Mr0a8a4iwEMuKs0ZA70="
  "resolved" "http://registry.m.jd.com/chokidar/download/chokidar-3.5.3.tgz"
  "version" "3.5.3"
  dependencies:
    "anymatch" "~3.1.2"
    "braces" "~3.0.2"
    "glob-parent" "~5.1.2"
    "is-binary-path" "~2.1.0"
    "is-glob" "~4.0.1"
    "normalize-path" "~3.0.0"
    "readdirp" "~3.6.0"
  optionalDependencies:
    "fsevents" "~2.3.2"

"concat-map@0.0.1":
  "integrity" "sha1-2Klr13/Wjfd5OnMDajug1UBdR3s="
  "resolved" "http://registry.m.jd.com/concat-map/download/concat-map-0.0.1.tgz"
  "version" "0.0.1"

"copy-anything@^2.0.1":
  "integrity" "sha1-CSRU6pWEp7etVXMGKyqH9ZAPxIA="
  "resolved" "http://registry.m.jd.com/copy-anything/download/copy-anything-2.0.6.tgz"
  "version" "2.0.6"
  dependencies:
    "is-what" "^3.14.1"

"css@^3.0.0":
  "integrity" "sha1-REek1Y/dAzZ8UWyp9krjZc7kql0="
  "resolved" "http://registry.m.jd.com/css/download/css-3.0.0.tgz"
  "version" "3.0.0"
  dependencies:
    "inherits" "^2.0.4"
    "source-map" "^0.6.1"
    "source-map-resolve" "^0.6.0"

"debug@^3.2.6":
  "integrity" "sha1-clgLfpFF+zm2Z2+cXl+xALk0F5o="
  "resolved" "http://registry.m.jd.com/debug/download/debug-3.2.7.tgz"
  "version" "3.2.7"
  dependencies:
    "ms" "^2.1.1"

"debug@^4.3.2":
  "integrity" "sha1-Exn2V5NX8jONMzfSzdSRS7XcyGU="
  "resolved" "http://registry.m.jd.com/debug/download/debug-4.3.4.tgz"
  "version" "4.3.4"
  dependencies:
    "ms" "2.1.2"

"decode-uri-component@^0.2.0":
  "integrity" "sha1-6zkTMzRYd1y4TNGh+uBiEGu4dUU="
  "resolved" "http://registry.m.jd.com/decode-uri-component/download/decode-uri-component-0.2.0.tgz"
  "version" "0.2.0"

"errno@^0.1.1":
  "integrity" "sha1-i7Ppx9Rjvkl2/4iPdrSAnrwugR8="
  "resolved" "http://registry.m.jd.com/errno/download/errno-0.1.8.tgz"
  "version" "0.1.8"
  dependencies:
    "prr" "~1.0.1"

"esbuild-android-64@0.14.42":
  "integrity" "sha1-16s9RNNnEhjSK85S9lZCsSkI2VQ="
  "resolved" "http://registry.m.jd.com/esbuild-android-64/download/esbuild-android-64-0.14.42.tgz"
  "version" "0.14.42"

"esbuild-android-arm64@0.14.42":
  "integrity" "sha1-RTNti+xJq92zoCKZaiM3P0WlfCc="
  "resolved" "http://registry.m.jd.com/esbuild-android-arm64/download/esbuild-android-arm64-0.14.42.tgz"
  "version" "0.14.42"

"esbuild-darwin-64@0.14.42":
  "integrity" "sha1-bf9eRM1wqIwzMj4vX7WY5AxoqeA="
  "resolved" "http://registry.m.jd.com/esbuild-darwin-64/download/esbuild-darwin-64-0.14.42.tgz"
  "version" "0.14.42"

"esbuild-darwin-arm64@0.14.42":
  "integrity" "sha1-LHMT4bEtL6W4icAyE9aC+5LKjE8="
  "resolved" "http://registry.m.jd.com/esbuild-darwin-arm64/download/esbuild-darwin-arm64-0.14.42.tgz"
  "version" "0.14.42"

"esbuild-freebsd-64@0.14.42":
  "integrity" "sha1-rRxaVkp+RzuM6V7n92YY0F1tr/w="
  "resolved" "http://registry.m.jd.com/esbuild-freebsd-64/download/esbuild-freebsd-64-0.14.42.tgz"
  "version" "0.14.42"

"esbuild-freebsd-arm64@0.14.42":
  "integrity" "sha1-S9tIAjQUT5RPGTCCm6znVhE13cc="
  "resolved" "http://registry.m.jd.com/esbuild-freebsd-arm64/download/esbuild-freebsd-arm64-0.14.42.tgz"
  "version" "0.14.42"

"esbuild-linux-32@0.14.42":
  "integrity" "sha1-7xj9GfBn6dK19nfWuC+oFRn1qMI="
  "resolved" "http://registry.m.jd.com/esbuild-linux-32/download/esbuild-linux-32-0.14.42.tgz"
  "version" "0.14.42"

"esbuild-linux-64@0.14.42":
  "integrity" "sha1-2E5zM7HBsiz4tbnbtd2bLss0t58="
  "resolved" "http://registry.m.jd.com/esbuild-linux-64/download/esbuild-linux-64-0.14.42.tgz"
  "version" "0.14.42"

"esbuild-linux-arm@0.14.42":
  "integrity" "sha1-1Jhw5j4iQrgVa/Rz8u5RVCJr4yg="
  "resolved" "http://registry.m.jd.com/esbuild-linux-arm/download/esbuild-linux-arm-0.14.42.tgz"
  "version" "0.14.42"

"esbuild-linux-arm64@0.14.42":
  "integrity" "sha1-3BnigvjE/7qkcMAqTRceSuAYDMo="
  "resolved" "http://registry.m.jd.com/esbuild-linux-arm64/download/esbuild-linux-arm64-0.14.42.tgz"
  "version" "0.14.42"

"esbuild-linux-mips64le@0.14.42":
  "integrity" "sha1-9Ob/m/im8XVHBJiCb0jQk7BU/CI="
  "resolved" "http://registry.m.jd.com/esbuild-linux-mips64le/download/esbuild-linux-mips64le-0.14.42.tgz"
  "version" "0.14.42"

"esbuild-linux-ppc64le@0.14.42":
  "integrity" "sha1-rJxm/IC6n4/aFaTMCPTlX2wK7WM="
  "resolved" "http://registry.m.jd.com/esbuild-linux-ppc64le/download/esbuild-linux-ppc64le-0.14.42.tgz"
  "version" "0.14.42"

"esbuild-linux-riscv64@0.14.42":
  "integrity" "sha1-IeCuSSo6m/Tuy/yRYzmmbiBCVtA="
  "resolved" "http://registry.m.jd.com/esbuild-linux-riscv64/download/esbuild-linux-riscv64-0.14.42.tgz"
  "version" "0.14.42"

"esbuild-linux-s390x@0.14.42":
  "integrity" "sha1-BtQLlXJQ/9miGDv9/JoD1v0hs+g="
  "resolved" "http://registry.m.jd.com/esbuild-linux-s390x/download/esbuild-linux-s390x-0.14.42.tgz"
  "version" "0.14.42"

"esbuild-netbsd-64@0.14.42":
  "integrity" "sha1-GFZk8F8QkU8U7UO9niK33lhCZ/c="
  "resolved" "http://registry.m.jd.com/esbuild-netbsd-64/download/esbuild-netbsd-64-0.14.42.tgz"
  "version" "0.14.42"

"esbuild-openbsd-64@0.14.42":
  "integrity" "sha1-wpAG9lnrTlUoMES7vU60BU+uiDk="
  "resolved" "http://registry.m.jd.com/esbuild-openbsd-64/download/esbuild-openbsd-64-0.14.42.tgz"
  "version" "0.14.42"

"esbuild-sunos-64@0.14.42":
  "integrity" "sha1-qp7sESzR5xBee7NwAOyn1GAIP48="
  "resolved" "http://registry.m.jd.com/esbuild-sunos-64/download/esbuild-sunos-64-0.14.42.tgz"
  "version" "0.14.42"

"esbuild-windows-32@0.14.42":
  "integrity" "sha1-w/xFCFPGGnTazFZ53jAdsjtz5h4="
  "resolved" "http://registry.m.jd.com/esbuild-windows-32/download/esbuild-windows-32-0.14.42.tgz"
  "version" "0.14.42"

"esbuild-windows-64@0.14.42":
  "integrity" "sha1-uHeqN/9H2fzwzLHKaiSzFHWl5VU="
  "resolved" "http://registry.m.jd.com/esbuild-windows-64/download/esbuild-windows-64-0.14.42.tgz"
  "version" "0.14.42"

"esbuild-windows-arm64@0.14.42":
  "integrity" "sha1-edqHRGJvJLwBbcQNAWlQtaSiusU="
  "resolved" "http://registry.m.jd.com/esbuild-windows-arm64/download/esbuild-windows-arm64-0.14.42.tgz"
  "version" "0.14.42"

"esbuild@^0.14.27":
  "integrity" "sha1-mFh98LAk1fY0GxKh1zWiv/VeGDY="
  "resolved" "http://registry.m.jd.com/esbuild/download/esbuild-0.14.42.tgz"
  "version" "0.14.42"
  optionalDependencies:
    "esbuild-android-64" "0.14.42"
    "esbuild-android-arm64" "0.14.42"
    "esbuild-darwin-64" "0.14.42"
    "esbuild-darwin-arm64" "0.14.42"
    "esbuild-freebsd-64" "0.14.42"
    "esbuild-freebsd-arm64" "0.14.42"
    "esbuild-linux-32" "0.14.42"
    "esbuild-linux-64" "0.14.42"
    "esbuild-linux-arm" "0.14.42"
    "esbuild-linux-arm64" "0.14.42"
    "esbuild-linux-mips64le" "0.14.42"
    "esbuild-linux-ppc64le" "0.14.42"
    "esbuild-linux-riscv64" "0.14.42"
    "esbuild-linux-s390x" "0.14.42"
    "esbuild-netbsd-64" "0.14.42"
    "esbuild-openbsd-64" "0.14.42"
    "esbuild-sunos-64" "0.14.42"
    "esbuild-windows-32" "0.14.42"
    "esbuild-windows-64" "0.14.42"
    "esbuild-windows-arm64" "0.14.42"

"fill-range@^7.0.1":
  "integrity" "sha1-GRmmp8df44ssfHflGYU12prN2kA="
  "resolved" "http://registry.m.jd.com/fill-range/download/fill-range-7.0.1.tgz"
  "version" "7.0.1"
  dependencies:
    "to-regex-range" "^5.0.1"

"fs.realpath@^1.0.0":
  "integrity" "sha1-FQStJSMVjKpA20onh8sBQRmU6k8="
  "resolved" "http://registry.m.jd.com/fs.realpath/download/fs.realpath-1.0.0.tgz"
  "version" "1.0.0"

"fsevents@~2.3.2":
  "integrity" "sha1-ilJveLj99GI7cJ4Ll1xSwkwC/Ro="
  "resolved" "http://registry.m.jd.com/fsevents/download/fsevents-2.3.2.tgz"
  "version" "2.3.2"

"function-bind@^1.1.1":
  "integrity" "sha1-pWiZ0+o8m6uHS7l3O3xe3pL0iV0="
  "resolved" "http://registry.m.jd.com/function-bind/download/function-bind-1.1.1.tgz"
  "version" "1.1.1"

"glob-parent@~5.1.2":
  "integrity" "sha1-hpgyxYA0/mikCTwX3BXoNA2EAcQ="
  "resolved" "http://registry.m.jd.com/glob-parent/download/glob-parent-5.1.2.tgz"
  "version" "5.1.2"
  dependencies:
    "is-glob" "^4.0.1"

"glob@^7.1.6":
  "integrity" "sha1-uN8PuAK7+o6JvR2Ti04WV47UTys="
  "resolved" "http://registry.m.jd.com/glob/download/glob-7.2.3.tgz"
  "version" "7.2.3"
  dependencies:
    "fs.realpath" "^1.0.0"
    "inflight" "^1.0.4"
    "inherits" "2"
    "minimatch" "^3.1.1"
    "once" "^1.3.0"
    "path-is-absolute" "^1.0.0"

"graceful-fs@^4.1.2":
  "integrity" "sha1-FH06AG2kyjzhRyjHrvwofDZ9emw="
  "resolved" "http://registry.m.jd.com/graceful-fs/download/graceful-fs-4.2.10.tgz"
  "version" "4.2.10"

"has@^1.0.3":
  "integrity" "sha1-ci18v8H2qoJB8W3YFOAR4fQeh5Y="
  "resolved" "http://registry.m.jd.com/has/download/has-1.0.3.tgz"
  "version" "1.0.3"
  dependencies:
    "function-bind" "^1.1.1"

"iconv-lite@^0.4.4":
  "integrity" "sha1-ICK0sl+93CHS9SSXSkdKr+czkIs="
  "resolved" "http://registry.m.jd.com/iconv-lite/download/iconv-lite-0.4.24.tgz"
  "version" "0.4.24"
  dependencies:
    "safer-buffer" ">= 2.1.2 < 3"

"image-size@~0.5.0":
  "integrity" "sha1-Cd/Uq50g4p6xw+gLiZA3jfnjy5w="
  "resolved" "http://registry.m.jd.com/image-size/download/image-size-0.5.5.tgz"
  "version" "0.5.5"

"immutable@^4.0.0":
  "integrity" "sha1-95V4fw23gBgzB7nrIJH8rB9vr+8="
  "resolved" "http://registry.m.jd.com/immutable/download/immutable-4.1.0.tgz"
  "version" "4.1.0"

"inflight@^1.0.4":
  "integrity" "sha1-Sb1jMdfQLQwJvJEKEHW6gWW1bfk="
  "resolved" "http://registry.m.jd.com/inflight/download/inflight-1.0.6.tgz"
  "version" "1.0.6"
  dependencies:
    "once" "^1.3.0"
    "wrappy" "1"

"inherits@^2.0.4", "inherits@2":
  "integrity" "sha1-D6LGT5MpF8NDOg3tVTY6rjdBa3w="
  "resolved" "http://registry.m.jd.com/inherits/download/inherits-2.0.4.tgz"
  "version" "2.0.4"

"is-binary-path@~2.1.0":
  "integrity" "sha1-6h9/O4DwZCNug0cPhsCcJU+0Wwk="
  "resolved" "http://registry.m.jd.com/is-binary-path/download/is-binary-path-2.1.0.tgz"
  "version" "2.1.0"
  dependencies:
    "binary-extensions" "^2.0.0"

"is-core-module@^2.8.1":
  "integrity" "sha1-4cNEKc1Rxt2eCeB5njluJ7GanGk="
  "resolved" "http://registry.m.jd.com/is-core-module/download/is-core-module-2.9.0.tgz"
  "version" "2.9.0"
  dependencies:
    "has" "^1.0.3"

"is-extglob@^2.1.1":
  "integrity" "sha1-qIwCU1eR8C7TfHahueqXc8gz+MI="
  "resolved" "http://registry.m.jd.com/is-extglob/download/is-extglob-2.1.1.tgz"
  "version" "2.1.1"

"is-glob@^4.0.1", "is-glob@~4.0.1":
  "integrity" "sha1-ZPYeQsu7LuwgcanawLKLoeZdUIQ="
  "resolved" "http://registry.m.jd.com/is-glob/download/is-glob-4.0.3.tgz"
  "version" "4.0.3"
  dependencies:
    "is-extglob" "^2.1.1"

"is-number@^7.0.0":
  "integrity" "sha1-dTU0W4lnNNX4DE0GxQlVUnoU8Ss="
  "resolved" "http://registry.m.jd.com/is-number/download/is-number-7.0.0.tgz"
  "version" "7.0.0"

"is-what@^3.14.1":
  "integrity" "sha1-4SIvRt3ahd6tD9HJ3xMXYOd3VcE="
  "resolved" "http://registry.m.jd.com/is-what/download/is-what-3.14.1.tgz"
  "version" "3.14.1"

"less@*":
  "integrity" "sha1-YJnuWEmZdQwmJLZfgBRfhnTktLA="
  "resolved" "http://registry.m.jd.com/less/download/less-4.1.2.tgz"
  "version" "4.1.2"
  dependencies:
    "copy-anything" "^2.0.1"
    "parse-node-version" "^1.0.1"
    "tslib" "^2.3.0"
  optionalDependencies:
    "errno" "^0.1.1"
    "graceful-fs" "^4.1.2"
    "image-size" "~0.5.0"
    "make-dir" "^2.1.0"
    "mime" "^1.4.1"
    "needle" "^2.5.2"
    "source-map" "~0.6.0"

"lodash@^4.17.21":
  "integrity" "sha1-Z5WRxWTDv/quhFTPCz3zcMPWkRw="
  "resolved" "http://registry.m.jd.com/lodash/download/lodash-4.17.21.tgz"
  "version" "4.17.21"

"make-dir@^2.1.0":
  "integrity" "sha1-XwMQ4YuL6JjMBwCSlaMK5B6R5vU="
  "resolved" "http://registry.m.jd.com/make-dir/download/make-dir-2.1.0.tgz"
  "version" "2.1.0"
  dependencies:
    "pify" "^4.0.1"
    "semver" "^5.6.0"

"mime@^1.4.1":
  "integrity" "sha1-Ms2eXGRVO9WNGaVor0Uqz/BJgbE="
  "resolved" "http://registry.m.jd.com/mime/download/mime-1.6.0.tgz"
  "version" "1.6.0"

"minimatch@^3.1.1":
  "integrity" "sha1-Gc0ZS/0+Qo8EmnCBfAONiatL41s="
  "resolved" "http://registry.m.jd.com/minimatch/download/minimatch-3.1.2.tgz"
  "version" "3.1.2"
  dependencies:
    "brace-expansion" "^1.1.7"

"ms@^2.1.1":
  "integrity" "sha1-V0yBOM4dK1hh8LRFedut1gxmFbI="
  "resolved" "http://registry.m.jd.com/ms/download/ms-2.1.3.tgz"
  "version" "2.1.3"

"ms@2.1.2":
  "integrity" "sha1-0J0fNXtEP0kzgqjrPM0YOHKuYAk="
  "resolved" "http://registry.m.jd.com/ms/download/ms-2.1.2.tgz"
  "version" "2.1.2"

"nanoid@^3.3.4":
  "integrity" "sha1-cwtn480J4t6s8DwCfIHJ2dvF6Ks="
  "resolved" "http://registry.m.jd.com/nanoid/download/nanoid-3.3.4.tgz"
  "version" "3.3.4"

"needle@^2.5.2":
  "integrity" "sha1-ItHf++NJDCuD4wH3cJtnNs2PJoQ="
  "resolved" "http://registry.m.jd.com/needle/download/needle-2.9.1.tgz"
  "version" "2.9.1"
  dependencies:
    "debug" "^3.2.6"
    "iconv-lite" "^0.4.4"
    "sax" "^1.2.4"

"normalize-path@^3.0.0", "normalize-path@~3.0.0":
  "integrity" "sha1-Dc1p/yOhybEf0JeDFmRKA4ghamU="
  "resolved" "http://registry.m.jd.com/normalize-path/download/normalize-path-3.0.0.tgz"
  "version" "3.0.0"

"once@^1.3.0":
  "integrity" "sha1-WDsap3WWHUsROsF9nFC6753Xa9E="
  "resolved" "http://registry.m.jd.com/once/download/once-1.4.0.tgz"
  "version" "1.4.0"
  dependencies:
    "wrappy" "1"

"parse-node-version@^1.0.1":
  "integrity" "sha1-4rXb7eAOf6m8NjYH9TMn6LBzGJs="
  "resolved" "http://registry.m.jd.com/parse-node-version/download/parse-node-version-1.0.1.tgz"
  "version" "1.0.1"

"path-is-absolute@^1.0.0":
  "integrity" "sha1-F0uSaHNVNP+8es5r9TpanhtcX18="
  "resolved" "http://registry.m.jd.com/path-is-absolute/download/path-is-absolute-1.0.1.tgz"
  "version" "1.0.1"

"path-parse@^1.0.7":
  "integrity" "sha1-+8EUtgykKzDZ2vWFjkvWi77bZzU="
  "resolved" "http://registry.m.jd.com/path-parse/download/path-parse-1.0.7.tgz"
  "version" "1.0.7"

"picocolors@^1.0.0":
  "integrity" "sha1-y1vcdP8/UYkiNur3nWi8RFZKuBw="
  "resolved" "http://registry.m.jd.com/picocolors/download/picocolors-1.0.0.tgz"
  "version" "1.0.0"

"picomatch@^2.0.4", "picomatch@^2.2.1":
  "integrity" "sha1-O6ODNzNkbZ0+SZWUbBNlpn+wekI="
  "resolved" "http://registry.m.jd.com/picomatch/download/picomatch-2.3.1.tgz"
  "version" "2.3.1"

"pify@^4.0.1":
  "integrity" "sha1-SyzSXFDVmHNcUCkiJP2MbfQeMjE="
  "resolved" "http://registry.m.jd.com/pify/download/pify-4.0.1.tgz"
  "version" "4.0.1"

"postcss@^8.4.13":
  "integrity" "sha1-7pJ01WIrSFjBAHp0125C5W/SHK8="
  "resolved" "http://registry.m.jd.com/postcss/download/postcss-8.4.14.tgz"
  "version" "8.4.14"
  dependencies:
    "nanoid" "^3.3.4"
    "picocolors" "^1.0.0"
    "source-map-js" "^1.0.2"

"prr@~1.0.1":
  "integrity" "sha1-0/wRS6BplaRexok/SEzrHXj19HY="
  "resolved" "http://registry.m.jd.com/prr/download/prr-1.0.1.tgz"
  "version" "1.0.1"

"readdirp@~3.6.0":
  "integrity" "sha1-dKNwvYVxFuJFspzJc0DNQxoCpsc="
  "resolved" "http://registry.m.jd.com/readdirp/download/readdirp-3.6.0.tgz"
  "version" "3.6.0"
  dependencies:
    "picomatch" "^2.2.1"

"resolve@^1.22.0":
  "integrity" "sha1-XguMZ8Fd9XqJvbq+YDoALyFzEZg="
  "resolved" "http://registry.m.jd.com/resolve/download/resolve-1.22.0.tgz"
  "version" "1.22.0"
  dependencies:
    "is-core-module" "^2.8.1"
    "path-parse" "^1.0.7"
    "supports-preserve-symlinks-flag" "^1.0.0"

"rollup@^2.59.0":
  "integrity" "sha1-eYXBliSDI13QeWbwn9rVxfifFtA="
  "resolved" "http://registry.m.jd.com/rollup/download/rollup-2.75.5.tgz"
  "version" "2.75.5"
  optionalDependencies:
    "fsevents" "~2.3.2"

"safer-buffer@>= 2.1.2 < 3":
  "integrity" "sha1-RPoWGwGHuVSd2Eu5GAL5vYOFzWo="
  "resolved" "http://registry.m.jd.com/safer-buffer/download/safer-buffer-2.1.2.tgz"
  "version" "2.1.2"

"sass@*":
  "integrity" "sha1-zR8D4Oe+W7LOvPHDTXNfCH15CTY="
  "resolved" "http://registry.m.jd.com/sass/download/sass-1.52.2.tgz"
  "version" "1.52.2"
  dependencies:
    "chokidar" ">=3.0.0 <4.0.0"
    "immutable" "^4.0.0"
    "source-map-js" ">=0.6.2 <2.0.0"

"sax@^1.2.4", "sax@~1.2.4":
  "integrity" "sha1-KBYjTiN4vdxOU1T6tcqold9xANk="
  "resolved" "http://registry.m.jd.com/sax/download/sax-1.2.4.tgz"
  "version" "1.2.4"

"semver@^5.6.0":
  "integrity" "sha1-qVT5Ma66UI0we78Gnv8MAclhFvc="
  "resolved" "http://registry.m.jd.com/semver/download/semver-5.7.1.tgz"
  "version" "5.7.1"

"source-map-js@^1.0.2", "source-map-js@>=0.6.2 <2.0.0":
  "integrity" "sha1-rbw2HZxi3zgBJefxYfccgm8eSQw="
  "resolved" "http://registry.m.jd.com/source-map-js/download/source-map-js-1.0.2.tgz"
  "version" "1.0.2"

"source-map-resolve@^0.6.0":
  "integrity" "sha1-PZ34fiNrU/FtAeWBUPx3EROOXtI="
  "resolved" "http://registry.m.jd.com/source-map-resolve/download/source-map-resolve-0.6.0.tgz"
  "version" "0.6.0"
  dependencies:
    "atob" "^2.1.2"
    "decode-uri-component" "^0.2.0"

"source-map@^0.6.1", "source-map@~0.6.0":
  "integrity" "sha1-dHIq8y6WFOnCh6jQu95IteLxomM="
  "resolved" "http://registry.m.jd.com/source-map/download/source-map-0.6.1.tgz"
  "version" "0.6.1"

"source-map@^0.7.3":
  "integrity" "sha1-qbvnBcnYhG9OCP9nZazw8bCJhlY="
  "resolved" "http://registry.m.jd.com/source-map/download/source-map-0.7.4.tgz"
  "version" "0.7.4"

"stylus@*":
  "integrity" "sha1-fkJbtJPBDd6Uz0J6E40+rodaO0Q="
  "resolved" "http://registry.m.jd.com/stylus/download/stylus-0.58.1.tgz"
  "version" "0.58.1"
  dependencies:
    "css" "^3.0.0"
    "debug" "^4.3.2"
    "glob" "^7.1.6"
    "sax" "~1.2.4"
    "source-map" "^0.7.3"

"supports-preserve-symlinks-flag@^1.0.0":
  "integrity" "sha1-btpL00SjyUrqN21MwxvHcxEDngk="
  "resolved" "http://registry.m.jd.com/supports-preserve-symlinks-flag/download/supports-preserve-symlinks-flag-1.0.0.tgz"
  "version" "1.0.0"

"to-regex-range@^5.0.1":
  "integrity" "sha1-FkjESq58jZiKMmAY7XL1tN0DkuQ="
  "resolved" "http://registry.m.jd.com/to-regex-range/download/to-regex-range-5.0.1.tgz"
  "version" "5.0.1"
  dependencies:
    "is-number" "^7.0.0"

"tslib@^2.3.0":
  "integrity" "sha1-fOyqfwc85oCgWEeqd76UEJjzbcM="
  "resolved" "http://registry.m.jd.com/tslib/download/tslib-2.4.0.tgz"
  "version" "2.4.0"

"vite@^2.9.9":
  "integrity" "sha1-i1WJh9teYP7ewvSwA7cxZMsIHF4="
  "resolved" "http://registry.m.jd.com/vite/download/vite-2.9.9.tgz"
  "version" "2.9.9"
  dependencies:
    "esbuild" "^0.14.27"
    "postcss" "^8.4.13"
    "resolve" "^1.22.0"
    "rollup" "^2.59.0"
  optionalDependencies:
    "fsevents" "~2.3.2"

"wrappy@1":
  "integrity" "sha1-tSQ9jz7BqjXxNkYFvA0QNuMKtp8="
  "resolved" "http://registry.m.jd.com/wrappy/download/wrappy-1.0.2.tgz"
  "version" "1.0.2"
