# THIS IS AN AUTOGENERATED FILE. DO NOT EDIT THIS FILE DIRECTLY.
# yarn lockfile v1


esbuild-android-64@0.14.42:
  version "0.14.42"
  resolved "http://registry.m.jd.com/esbuild-android-64/download/esbuild-android-64-0.14.42.tgz#d7ab3d44d3671218d22bce52f65642b12908d954"
  integrity sha1-16s9RNNnEhjSK85S9lZCsSkI2VQ=

esbuild-android-arm64@0.14.42:
  version "0.14.42"
  resolved "http://registry.m.jd.com/esbuild-android-arm64/download/esbuild-android-arm64-0.14.42.tgz#45336d8bec49abddb3a022996a23373f45a57c27"
  integrity sha1-RTNti+xJq92zoCKZaiM3P0WlfCc=

esbuild-darwin-64@0.14.42:
  version "0.14.42"
  resolved "http://registry.m.jd.com/esbuild-darwin-64/download/esbuild-darwin-64-0.14.42.tgz#6dff5e44cd70a88c33323e2f5fb598e40c68a9e0"
  integrity sha1-bf9eRM1wqIwzMj4vX7WY5AxoqeA=

esbuild-darwin-arm64@0.14.42:
  version "0.14.42"
  resolved "http://registry.m.jd.com/esbuild-darwin-arm64/download/esbuild-darwin-arm64-0.14.42.tgz#2c7313e1b12d2fa5b889c03213d682fb92ca8c4f"
  integrity sha1-LHMT4bEtL6W4icAyE9aC+5LKjE8=

esbuild-freebsd-64@0.14.42:
  version "0.14.42"
  resolved "http://registry.m.jd.com/esbuild-freebsd-64/download/esbuild-freebsd-64-0.14.42.tgz#ad1c5a564a7e473b8ce95ee7f76618d05d6daffc"
  integrity sha1-rRxaVkp+RzuM6V7n92YY0F1tr/w=

esbuild-freebsd-arm64@0.14.42:
  version "0.14.42"
  resolved "http://registry.m.jd.com/esbuild-freebsd-arm64/download/esbuild-freebsd-arm64-0.14.42.tgz#4bdb480234144f944f1930829bace7561135ddc7"
  integrity sha1-S9tIAjQUT5RPGTCCm6znVhE13cc=

esbuild-linux-32@0.14.42:
  version "0.14.42"
  resolved "http://registry.m.jd.com/esbuild-linux-32/download/esbuild-linux-32-0.14.42.tgz#ef18fd19f067e9d2b5f677d6b82fa81519f5a8c2"
  integrity sha1-7xj9GfBn6dK19nfWuC+oFRn1qMI=

esbuild-linux-64@0.14.42:
  version "0.14.42"
  resolved "http://registry.m.jd.com/esbuild-linux-64/download/esbuild-linux-64-0.14.42.tgz#d84e7333b1c1b22cf8b5b9dbb5dd9b2ecb34b79f"
  integrity sha1-2E5zM7HBsiz4tbnbtd2bLss0t58=

esbuild-linux-arm64@0.14.42:
  version "0.14.42"
  resolved "http://registry.m.jd.com/esbuild-linux-arm64/download/esbuild-linux-arm64-0.14.42.tgz#dc19e282f8c4ffbaa470c02a4d171e4ae0180cca"
  integrity sha1-3BnigvjE/7qkcMAqTRceSuAYDMo=

esbuild-linux-arm@0.14.42:
  version "0.14.42"
  resolved "http://registry.m.jd.com/esbuild-linux-arm/download/esbuild-linux-arm-0.14.42.tgz#d49870e63e2242b8156bf473f2ee5154226be328"
  integrity sha1-1Jhw5j4iQrgVa/Rz8u5RVCJr4yg=

esbuild-linux-mips64le@0.14.42:
  version "0.14.42"
  resolved "http://registry.m.jd.com/esbuild-linux-mips64le/download/esbuild-linux-mips64le-0.14.42.tgz#f4e6ff9bf8a6f175470498826f48d093b054fc22"
  integrity sha1-9Ob/m/im8XVHBJiCb0jQk7BU/CI=

esbuild-linux-ppc64le@0.14.42:
  version "0.14.42"
  resolved "http://registry.m.jd.com/esbuild-linux-ppc64le/download/esbuild-linux-ppc64le-0.14.42.tgz#ac9c66fc80ba9f8fda15a4cc08f4e55f6c0aed63"
  integrity sha1-rJxm/IC6n4/aFaTMCPTlX2wK7WM=

esbuild-linux-riscv64@0.14.42:
  version "0.14.42"
  resolved "http://registry.m.jd.com/esbuild-linux-riscv64/download/esbuild-linux-riscv64-0.14.42.tgz#21e0ae492a3a9bf4eecbfc916339a66e204256d0"
  integrity sha1-IeCuSSo6m/Tuy/yRYzmmbiBCVtA=

esbuild-linux-s390x@0.14.42:
  version "0.14.42"
  resolved "http://registry.m.jd.com/esbuild-linux-s390x/download/esbuild-linux-s390x-0.14.42.tgz#06d40b957250ffd9a2183bfdfc9a03d6fd21b3e8"
  integrity sha1-BtQLlXJQ/9miGDv9/JoD1v0hs+g=

esbuild-netbsd-64@0.14.42:
  version "0.14.42"
  resolved "http://registry.m.jd.com/esbuild-netbsd-64/download/esbuild-netbsd-64-0.14.42.tgz#185664f05f10914f14ed43bd9e22b7de584267f7"
  integrity sha1-GFZk8F8QkU8U7UO9niK33lhCZ/c=

esbuild-openbsd-64@0.14.42:
  version "0.14.42"
  resolved "http://registry.m.jd.com/esbuild-openbsd-64/download/esbuild-openbsd-64-0.14.42.tgz#c29006f659eb4e55283044bbbd4eb4054fae8839"
  integrity sha1-wpAG9lnrTlUoMES7vU60BU+uiDk=

esbuild-sunos-64@0.14.42:
  version "0.14.42"
  resolved "http://registry.m.jd.com/esbuild-sunos-64/download/esbuild-sunos-64-0.14.42.tgz#aa9eec112cd1e7105e7bb37000eca7d460083f8f"
  integrity sha1-qp7sESzR5xBee7NwAOyn1GAIP48=

esbuild-windows-32@0.14.42:
  version "0.14.42"
  resolved "http://registry.m.jd.com/esbuild-windows-32/download/esbuild-windows-32-0.14.42.tgz#c3fc450853c61a74dacc5679de301db23b73e61e"
  integrity sha1-w/xFCFPGGnTazFZ53jAdsjtz5h4=

esbuild-windows-64@0.14.42:
  version "0.14.42"
  resolved "http://registry.m.jd.com/esbuild-windows-64/download/esbuild-windows-64-0.14.42.tgz#b877aa37ff47d9fcf0ccb1ca6a24b31475a5e555"
  integrity sha1-uHeqN/9H2fzwzLHKaiSzFHWl5VU=

esbuild-windows-arm64@0.14.42:
  version "0.14.42"
  resolved "http://registry.m.jd.com/esbuild-windows-arm64/download/esbuild-windows-arm64-0.14.42.tgz#79da8744626f24bc016dc40d016950b5a4a2bac5"
  integrity sha1-edqHRGJvJLwBbcQNAWlQtaSiusU=

esbuild@^0.14.27:
  version "0.14.42"
  resolved "http://registry.m.jd.com/esbuild/download/esbuild-0.14.42.tgz#98587df0b024d5f6341b12a1d735a2bff55e1836"
  integrity sha1-mFh98LAk1fY0GxKh1zWiv/VeGDY=
  optionalDependencies:
    esbuild-android-64 "0.14.42"
    esbuild-android-arm64 "0.14.42"
    esbuild-darwin-64 "0.14.42"
    esbuild-darwin-arm64 "0.14.42"
    esbuild-freebsd-64 "0.14.42"
    esbuild-freebsd-arm64 "0.14.42"
    esbuild-linux-32 "0.14.42"
    esbuild-linux-64 "0.14.42"
    esbuild-linux-arm "0.14.42"
    esbuild-linux-arm64 "0.14.42"
    esbuild-linux-mips64le "0.14.42"
    esbuild-linux-ppc64le "0.14.42"
    esbuild-linux-riscv64 "0.14.42"
    esbuild-linux-s390x "0.14.42"
    esbuild-netbsd-64 "0.14.42"
    esbuild-openbsd-64 "0.14.42"
    esbuild-sunos-64 "0.14.42"
    esbuild-windows-32 "0.14.42"
    esbuild-windows-64 "0.14.42"
    esbuild-windows-arm64 "0.14.42"

fsevents@~2.3.2:
  version "2.3.2"
  resolved "http://registry.m.jd.com/fsevents/download/fsevents-2.3.2.tgz#8a526f78b8fdf4623b709e0b975c52c24c02fd1a"
  integrity sha1-ilJveLj99GI7cJ4Ll1xSwkwC/Ro=

function-bind@^1.1.1:
  version "1.1.1"
  resolved "http://registry.m.jd.com/function-bind/download/function-bind-1.1.1.tgz#a56899d3ea3c9bab874bb9773b7c5ede92f4895d"
  integrity sha1-pWiZ0+o8m6uHS7l3O3xe3pL0iV0=

has@^1.0.3:
  version "1.0.3"
  resolved "http://registry.m.jd.com/has/download/has-1.0.3.tgz#722d7cbfc1f6aa8241f16dd814e011e1f41e8796"
  integrity sha1-ci18v8H2qoJB8W3YFOAR4fQeh5Y=
  dependencies:
    function-bind "^1.1.1"

is-core-module@^2.8.1:
  version "2.9.0"
  resolved "http://registry.m.jd.com/is-core-module/download/is-core-module-2.9.0.tgz#e1c34429cd51c6dd9e09e0799e396e27b19a9c69"
  integrity sha1-4cNEKc1Rxt2eCeB5njluJ7GanGk=
  dependencies:
    has "^1.0.3"

lodash@^4.17.21:
  version "4.17.21"
  resolved "http://registry.m.jd.com/lodash/download/lodash-4.17.21.tgz#679591c564c3bffaae8454cf0b3df370c3d6911c"
  integrity sha1-Z5WRxWTDv/quhFTPCz3zcMPWkRw=

nanoid@^3.3.4:
  version "3.3.4"
  resolved "http://registry.m.jd.com/nanoid/download/nanoid-3.3.4.tgz#730b67e3cd09e2deacf03c027c81c9d9dbc5e8ab"
  integrity sha1-cwtn480J4t6s8DwCfIHJ2dvF6Ks=

path-parse@^1.0.7:
  version "1.0.7"
  resolved "http://registry.m.jd.com/path-parse/download/path-parse-1.0.7.tgz#fbc114b60ca42b30d9daf5858e4bd68bbedb6735"
  integrity sha1-+8EUtgykKzDZ2vWFjkvWi77bZzU=

picocolors@^1.0.0:
  version "1.0.0"
  resolved "http://registry.m.jd.com/picocolors/download/picocolors-1.0.0.tgz#cb5bdc74ff3f51892236eaf79d68bc44564ab81c"
  integrity sha1-y1vcdP8/UYkiNur3nWi8RFZKuBw=

postcss@^8.4.13:
  version "8.4.14"
  resolved "http://registry.m.jd.com/postcss/download/postcss-8.4.14.tgz#ee9274d5622b4858c1007a74d76e42e56fd21caf"
  integrity sha1-7pJ01WIrSFjBAHp0125C5W/SHK8=
  dependencies:
    nanoid "^3.3.4"
    picocolors "^1.0.0"
    source-map-js "^1.0.2"

resolve@^1.22.0:
  version "1.22.0"
  resolved "http://registry.m.jd.com/resolve/download/resolve-1.22.0.tgz#5e0b8c67c15df57a89bdbabe603a002f21731198"
  integrity sha1-XguMZ8Fd9XqJvbq+YDoALyFzEZg=
  dependencies:
    is-core-module "^2.8.1"
    path-parse "^1.0.7"
    supports-preserve-symlinks-flag "^1.0.0"

rollup@^2.59.0:
  version "2.75.5"
  resolved "http://registry.m.jd.com/rollup/download/rollup-2.75.5.tgz#7985c1962483235dd07966f09fdad5c5f89f16d0"
  integrity sha1-eYXBliSDI13QeWbwn9rVxfifFtA=
  optionalDependencies:
    fsevents "~2.3.2"

source-map-js@^1.0.2:
  version "1.0.2"
  resolved "http://registry.m.jd.com/source-map-js/download/source-map-js-1.0.2.tgz#adbc361d9c62df380125e7f161f71c826f1e490c"
  integrity sha1-rbw2HZxi3zgBJefxYfccgm8eSQw=

supports-preserve-symlinks-flag@^1.0.0:
  version "1.0.0"
  resolved "http://registry.m.jd.com/supports-preserve-symlinks-flag/download/supports-preserve-symlinks-flag-1.0.0.tgz#6eda4bd344a3c94aea376d4cc31bc77311039e09"
  integrity sha1-btpL00SjyUrqN21MwxvHcxEDngk=

vite@^2.9.9:
  version "2.9.9"
  resolved "http://registry.m.jd.com/vite/download/vite-2.9.9.tgz#8b558987db5e60fedec2f4b003b73164cb081c5e"
  integrity sha1-i1WJh9teYP7ewvSwA7cxZMsIHF4=
  dependencies:
    esbuild "^0.14.27"
    postcss "^8.4.13"
    resolve "^1.22.0"
    rollup "^2.59.0"
  optionalDependencies:
    fsevents "~2.3.2"
